
Microsoft Visual Studio Solution File, Format Version 12.00
# Visual Studio 14
VisualStudioVersion = 14.0.23107.0
MinimumVisualStudioVersion = 10.0.40219.1
Project("{2150E333-8FDC-42A3-9474-1A3956D46DE8}") = "src", "src", "{769F0702-ECF5-4BDF-ADED-1E8802795977}"
EndProject
Project("{2150E333-8FDC-42A3-9474-1A3956D46DE8}") = "Solution Items", "Solution Items", "{C36B3488-7E7C-4C14-AA74-7A4F1602C9BE}"
	ProjectSection(SolutionItems) = preProject
		global.json = global.json
	EndProjectSection
EndProject
Project("{8BB2217D-0F2D-49D1-97BC-3654ED321F3B}") = "anrLimited", "src\anrLimited\anrLimited.xproj", "{A711CAA1-19CB-42F9-AFBB-49F9487A0943}"
EndProject
Global
	GlobalSection(SolutionConfigurationPlatforms) = preSolution
		Debug|Any CPU = Debug|Any CPU
		Release|Any CPU = Release|Any CPU
	EndGlobalSection
	GlobalSection(ProjectConfigurationPlatforms) = postSolution
		{A711CAA1-19CB-42F9-AFBB-49F9487A0943}.Debug|Any CPU.ActiveCfg = Debug|Any CPU
		{A711CAA1-19CB-42F9-AFBB-49F9487A0943}.Debug|Any CPU.Build.0 = Debug|Any CPU
		{A711CAA1-19CB-42F9-AFBB-49F9487A0943}.Release|Any CPU.ActiveCfg = Release|Any CPU
		{A711CAA1-19CB-42F9-AFBB-49F9487A0943}.Release|Any CPU.Build.0 = Release|Any CPU
	EndGlobalSection
	GlobalSection(SolutionProperties) = preSolution
		HideSolutionNode = FALSE
	EndGlobalSection
	GlobalSection(NestedProjects) = preSolution
		{A711CAA1-19CB-42F9-AFBB-49F9487A0943} = {769F0702-ECF5-4BDF-ADED-1E8802795977}
	EndGlobalSection
EndGlobal
